
Microsoft Visual Studio Solution File, Format Version 12.00
# Visual Studio Version 17
VisualStudioVersion = 17.6.33723.286
MinimumVisualStudioVersion = 10.0.40219.1
Project("{FAE04EC0-301F-11D3-BF4B-00C04F79EFBC}") = "ProjektFeladat", "ProjektFeladat\ProjektFeladat.csproj", "{3ADA528A-6644-4A69-B732-32785B82DDDF}"
EndProject
Global
	GlobalSection(SolutionConfigurationPlatforms) = preSolution
		Debug|Any CPU = Debug|Any CPU
		Release|Any CPU = Release|Any CPU
	EndGlobalSection
	GlobalSection(ProjectConfigurationPlatforms) = postSolution
		{3ADA528A-6644-4A69-B732-32785B82DDDF}.Debug|Any CPU.ActiveCfg = Debug|Any CPU
		{3ADA528A-6644-4A69-B732-32785B82DDDF}.Debug|Any CPU.Build.0 = Debug|Any CPU
		{3ADA528A-6644-4A69-B732-32785B82DDDF}.Release|Any CPU.ActiveCfg = Release|Any CPU
		{3ADA528A-6644-4A69-B732-32785B82DDDF}.Release|Any CPU.Build.0 = Release|Any CPU
	EndGlobalSection
	GlobalSection(SolutionProperties) = preSolution
		HideSolutionNode = FALSE
	EndGlobalSection
	GlobalSection(ExtensibilityGlobals) = postSolution
		SolutionGuid = {30F98E43-93FA-4161-BB2F-B748D0386F59}
	EndGlobalSection
EndGlobal
